
Microsoft Visual Studio Solution File, Format Version 12.00
# Visual Studio Version 17
VisualStudioVersion = 17.2.32519.379
MinimumVisualStudioVersion = 10.0.40219.1
Project("{FAE04EC0-301F-11D3-BF4B-00C04F79EFBC}") = "CalculatorWebCore", "CalculatorWebCore\CalculatorWebCore.csproj", "{CE638BAE-2454-4772-B5EB-76FE1650C91C}"
EndProject
Global
	GlobalSection(SolutionConfigurationPlatforms) = preSolution
		Debug|Any CPU = Debug|Any CPU
		Release|Any CPU = Release|Any CPU
	EndGlobalSection
	GlobalSection(ProjectConfigurationPlatforms) = postSolution
		{CE638BAE-2454-4772-B5EB-76FE1650C91C}.Debug|Any CPU.ActiveCfg = Debug|Any CPU
		{CE638BAE-2454-4772-B5EB-76FE1650C91C}.Debug|Any CPU.Build.0 = Debug|Any CPU
		{CE638BAE-2454-4772-B5EB-76FE1650C91C}.Release|Any CPU.ActiveCfg = Release|Any CPU
		{CE638BAE-2454-4772-B5EB-76FE1650C91C}.Release|Any CPU.Build.0 = Release|Any CPU
	EndGlobalSection
	GlobalSection(SolutionProperties) = preSolution
		HideSolutionNode = FALSE
	EndGlobalSection
	GlobalSection(ExtensibilityGlobals) = postSolution
		SolutionGuid = {CB200F63-9F8C-4A52-8A59-8BE0C4B4F06E}
	EndGlobalSection
EndGlobal
